
Microsoft Visual Studio Solution File, Format Version 12.00
# Visual Studio Version 16
VisualStudioVersion = 16.0.32126.315
MinimumVisualStudioVersion = 10.0.40219.1
Project("{9A19103F-16F7-4668-BE54-9A1E7A4F7556}") = "ProcSolver", "ProcSolver\ProcSolver.csproj", "{A4BB5055-AE9D-4555-B11D-65BB858E18C9}"
EndProject
Project("{9A19103F-16F7-4668-BE54-9A1E7A4F7556}") = "ProcPatcher", "ProcPatcher\ProcPatcher.csproj", "{255926DB-76E2-4304-B5AB-635D25AAA2F5}"
	ProjectSection(ProjectDependencies) = postProject
		{A4BB5055-AE9D-4555-B11D-65BB858E18C9} = {A4BB5055-AE9D-4555-B11D-65BB858E18C9}
		{02EB87BE-472B-43C1-939B-0F5FD6AB51C2} = {02EB87BE-472B-43C1-939B-0F5FD6AB51C2}
	EndProjectSection
EndProject
Project("{FAE04EC0-301F-11D3-BF4B-00C04F79EFBC}") = "ProcLimiter", "ProcLimiter\ProcLimiter.csproj", "{02EB87BE-472B-43C1-939B-0F5FD6AB51C2}"
EndProject
Global
	GlobalSection(SolutionConfigurationPlatforms) = preSolution
		Debug|Any CPU = Debug|Any CPU
		Release|Any CPU = Release|Any CPU
	EndGlobalSection
	GlobalSection(ProjectConfigurationPlatforms) = postSolution
		{A4BB5055-AE9D-4555-B11D-65BB858E18C9}.Debug|Any CPU.ActiveCfg = Debug|Any CPU
		{A4BB5055-AE9D-4555-B11D-65BB858E18C9}.Debug|Any CPU.Build.0 = Debug|Any CPU
		{A4BB5055-AE9D-4555-B11D-65BB858E18C9}.Release|Any CPU.ActiveCfg = Release|Any CPU
		{A4BB5055-AE9D-4555-B11D-65BB858E18C9}.Release|Any CPU.Build.0 = Release|Any CPU
		{255926DB-76E2-4304-B5AB-635D25AAA2F5}.Debug|Any CPU.ActiveCfg = Debug|Any CPU
		{255926DB-76E2-4304-B5AB-635D25AAA2F5}.Debug|Any CPU.Build.0 = Debug|Any CPU
		{255926DB-76E2-4304-B5AB-635D25AAA2F5}.Release|Any CPU.ActiveCfg = Release|Any CPU
		{255926DB-76E2-4304-B5AB-635D25AAA2F5}.Release|Any CPU.Build.0 = Release|Any CPU
		{02EB87BE-472B-43C1-939B-0F5FD6AB51C2}.Debug|Any CPU.ActiveCfg = Debug|Any CPU
		{02EB87BE-472B-43C1-939B-0F5FD6AB51C2}.Debug|Any CPU.Build.0 = Debug|Any CPU
		{02EB87BE-472B-43C1-939B-0F5FD6AB51C2}.Release|Any CPU.ActiveCfg = Release|Any CPU
		{02EB87BE-472B-43C1-939B-0F5FD6AB51C2}.Release|Any CPU.Build.0 = Release|Any CPU
	EndGlobalSection
	GlobalSection(SolutionProperties) = preSolution
		HideSolutionNode = FALSE
	EndGlobalSection
	GlobalSection(ExtensibilityGlobals) = postSolution
		SolutionGuid = {4795F8D0-7673-475C-9C12-89FAF84F188A}
	EndGlobalSection
EndGlobal
